
Microsoft Visual Studio Solution File, Format Version 12.00
# Visual Studio Version 16
VisualStudioVersion = 16.0.30717.126
MinimumVisualStudioVersion = 10.0.40219.1
Project("{FAE04EC0-301F-11D3-BF4B-00C04F79EFBC}") = "SmartSchool.API", "SmartSchool.API\SmartSchool.API.csproj", "{DD69446D-8B75-44DA-9D2A-F9469FF9BFB1}"
EndProject
Global
	GlobalSection(SolutionConfigurationPlatforms) = preSolution
		Debug|Any CPU = Debug|Any CPU
		Release|Any CPU = Release|Any CPU
	EndGlobalSection
	GlobalSection(ProjectConfigurationPlatforms) = postSolution
		{DD69446D-8B75-44DA-9D2A-F9469FF9BFB1}.Debug|Any CPU.ActiveCfg = Debug|Any CPU
		{DD69446D-8B75-44DA-9D2A-F9469FF9BFB1}.Debug|Any CPU.Build.0 = Debug|Any CPU
		{DD69446D-8B75-44DA-9D2A-F9469FF9BFB1}.Release|Any CPU.ActiveCfg = Release|Any CPU
		{DD69446D-8B75-44DA-9D2A-F9469FF9BFB1}.Release|Any CPU.Build.0 = Release|Any CPU
	EndGlobalSection
	GlobalSection(SolutionProperties) = preSolution
		HideSolutionNode = FALSE
	EndGlobalSection
	GlobalSection(ExtensibilityGlobals) = postSolution
		SolutionGuid = {65007952-77E1-4765-B4D4-59F91239EF12}
	EndGlobalSection
EndGlobal
